
Microsoft Visual Studio Solution File, Format Version 12.00
# Visual Studio Version 17
VisualStudioVersion = 17.9.34728.123
MinimumVisualStudioVersion = 10.0.40219.1
Project("{FAE04EC0-301F-11D3-BF4B-00C04F79EFBC}") = "UsingTaskDemonstration01", "UsingTaskDemonstration01\UsingTaskDemonstration01.csproj", "{7FCAB767-B2B2-4421-ACA2-C8B6DF13700E}"
EndProject
Global
	GlobalSection(SolutionConfigurationPlatforms) = preSolution
		Debug|Any CPU = Debug|Any CPU
		Release|Any CPU = Release|Any CPU
	EndGlobalSection
	GlobalSection(ProjectConfigurationPlatforms) = postSolution
		{7FCAB767-B2B2-4421-ACA2-C8B6DF13700E}.Debug|Any CPU.ActiveCfg = Debug|Any CPU
		{7FCAB767-B2B2-4421-ACA2-C8B6DF13700E}.Debug|Any CPU.Build.0 = Debug|Any CPU
		{7FCAB767-B2B2-4421-ACA2-C8B6DF13700E}.Release|Any CPU.ActiveCfg = Release|Any CPU
		{7FCAB767-B2B2-4421-ACA2-C8B6DF13700E}.Release|Any CPU.Build.0 = Release|Any CPU
	EndGlobalSection
	GlobalSection(SolutionProperties) = preSolution
		HideSolutionNode = FALSE
	EndGlobalSection
	GlobalSection(ExtensibilityGlobals) = postSolution
		SolutionGuid = {661B68B9-D71D-439B-ADA4-0E121330F86A}
	EndGlobalSection
EndGlobal
